
Microsoft Visual Studio Solution File, Format Version 12.00
# Visual Studio Version 16
VisualStudioVersion = 16.0.31205.134
MinimumVisualStudioVersion = 10.0.40219.1
Project("{FAE04EC0-301F-11D3-BF4B-00C04F79EFBC}") = "BookWCFBusinessService", "BookWCFService\BookWCFBusinessService.csproj", "{43C74D03-25A8-441D-96E6-F6D3A43F925C}"
EndProject
Project("{FAE04EC0-301F-11D3-BF4B-00C04F79EFBC}") = "Models", "Models\Models.csproj", "{241BF756-88DA-4A44-A20B-4326770A87BD}"
EndProject
Project("{FAE04EC0-301F-11D3-BF4B-00C04F79EFBC}") = "BookWCFDataService", "BookWCFDataService\BookWCFDataService.csproj", "{B9577922-F398-4BFF-8D61-1DF55F9768EE}"
EndProject
Project("{FAE04EC0-301F-11D3-BF4B-00C04F79EFBC}") = "BookWebClient", "BookWebClient\BookWebClient.csproj", "{2629B903-C7F2-4F25-BB54-21FB30016822}"
EndProject
Project("{FAE04EC0-301F-11D3-BF4B-00C04F79EFBC}") = "ConsoleApp1", "ConsoleApp1\ConsoleApp1.csproj", "{C99F6331-CE9F-4A50-8219-BE5B303D8438}"
EndProject
Global
	GlobalSection(SolutionConfigurationPlatforms) = preSolution
		Debug|Any CPU = Debug|Any CPU
		Release|Any CPU = Release|Any CPU
	EndGlobalSection
	GlobalSection(ProjectConfigurationPlatforms) = postSolution
		{43C74D03-25A8-441D-96E6-F6D3A43F925C}.Debug|Any CPU.ActiveCfg = Debug|Any CPU
		{43C74D03-25A8-441D-96E6-F6D3A43F925C}.Debug|Any CPU.Build.0 = Debug|Any CPU
		{43C74D03-25A8-441D-96E6-F6D3A43F925C}.Release|Any CPU.ActiveCfg = Release|Any CPU
		{43C74D03-25A8-441D-96E6-F6D3A43F925C}.Release|Any CPU.Build.0 = Release|Any CPU
		{241BF756-88DA-4A44-A20B-4326770A87BD}.Debug|Any CPU.ActiveCfg = Debug|Any CPU
		{241BF756-88DA-4A44-A20B-4326770A87BD}.Debug|Any CPU.Build.0 = Debug|Any CPU
		{241BF756-88DA-4A44-A20B-4326770A87BD}.Release|Any CPU.ActiveCfg = Release|Any CPU
		{241BF756-88DA-4A44-A20B-4326770A87BD}.Release|Any CPU.Build.0 = Release|Any CPU
		{B9577922-F398-4BFF-8D61-1DF55F9768EE}.Debug|Any CPU.ActiveCfg = Debug|Any CPU
		{B9577922-F398-4BFF-8D61-1DF55F9768EE}.Debug|Any CPU.Build.0 = Debug|Any CPU
		{B9577922-F398-4BFF-8D61-1DF55F9768EE}.Release|Any CPU.ActiveCfg = Release|Any CPU
		{B9577922-F398-4BFF-8D61-1DF55F9768EE}.Release|Any CPU.Build.0 = Release|Any CPU
		{2629B903-C7F2-4F25-BB54-21FB30016822}.Debug|Any CPU.ActiveCfg = Debug|Any CPU
		{2629B903-C7F2-4F25-BB54-21FB30016822}.Debug|Any CPU.Build.0 = Debug|Any CPU
		{2629B903-C7F2-4F25-BB54-21FB30016822}.Release|Any CPU.ActiveCfg = Release|Any CPU
		{2629B903-C7F2-4F25-BB54-21FB30016822}.Release|Any CPU.Build.0 = Release|Any CPU
		{C99F6331-CE9F-4A50-8219-BE5B303D8438}.Debug|Any CPU.ActiveCfg = Debug|Any CPU
		{C99F6331-CE9F-4A50-8219-BE5B303D8438}.Debug|Any CPU.Build.0 = Debug|Any CPU
		{C99F6331-CE9F-4A50-8219-BE5B303D8438}.Release|Any CPU.ActiveCfg = Release|Any CPU
		{C99F6331-CE9F-4A50-8219-BE5B303D8438}.Release|Any CPU.Build.0 = Release|Any CPU
	EndGlobalSection
	GlobalSection(SolutionProperties) = preSolution
		HideSolutionNode = FALSE
	EndGlobalSection
	GlobalSection(ExtensibilityGlobals) = postSolution
		SolutionGuid = {0179DEAA-194D-4F35-B103-DFA594917CCB}
	EndGlobalSection
EndGlobal
